
Microsoft Visual Studio Solution File, Format Version 12.00
# Visual Studio Version 17
VisualStudioVersion = 17.9.34714.143
MinimumVisualStudioVersion = 10.0.40219.1
Project("{FAE04EC0-301F-11D3-BF4B-00C04F79EFBC}") = "Store", "Store.csproj", "{61900C65-3299-418D-BCD3-544F5FA21E4A}"
EndProject
Global
	GlobalSection(SolutionConfigurationPlatforms) = preSolution
		Debug|Any CPU = Debug|Any CPU
		Release|Any CPU = Release|Any CPU
	EndGlobalSection
	GlobalSection(ProjectConfigurationPlatforms) = postSolution
		{61900C65-3299-418D-BCD3-544F5FA21E4A}.Debug|Any CPU.ActiveCfg = Debug|Any CPU
		{61900C65-3299-418D-BCD3-544F5FA21E4A}.Debug|Any CPU.Build.0 = Debug|Any CPU
		{61900C65-3299-418D-BCD3-544F5FA21E4A}.Release|Any CPU.ActiveCfg = Release|Any CPU
		{61900C65-3299-418D-BCD3-544F5FA21E4A}.Release|Any CPU.Build.0 = Release|Any CPU
	EndGlobalSection
	GlobalSection(SolutionProperties) = preSolution
		HideSolutionNode = FALSE
	EndGlobalSection
	GlobalSection(ExtensibilityGlobals) = postSolution
		SolutionGuid = {6887C9EC-6133-4DA9-BACF-17EEDFE19AE9}
	EndGlobalSection
EndGlobal
